
Microsoft Visual Studio Solution File, Format Version 12.00
# Visual Studio Version 16
VisualStudioVersion = 16.0.30804.86
MinimumVisualStudioVersion = 10.0.40219.1
Project("{9A19103F-16F7-4668-BE54-9A1E7A4F7556}") = "ComboBoxRemote.Core.Tester", "ComboBoxRemote.Core.Tester\ComboBoxRemote.Core.Tester.csproj", "{220B51E0-120F-4AF0-8D96-7CFB4C1C8462}"
EndProject
Project("{FAE04EC0-301F-11D3-BF4B-00C04F79EFBC}") = "ComboBoxRemote.Core", "ComboBoxRemote.Core\ComboBoxRemote.Core.csproj", "{BA2D09CA-ED45-4793-974F-B9F4855212C1}"
EndProject
Global
	GlobalSection(SolutionConfigurationPlatforms) = preSolution
		Debug|Any CPU = Debug|Any CPU
		Release|Any CPU = Release|Any CPU
	EndGlobalSection
	GlobalSection(ProjectConfigurationPlatforms) = postSolution
		{220B51E0-120F-4AF0-8D96-7CFB4C1C8462}.Debug|Any CPU.ActiveCfg = Debug|Any CPU
		{220B51E0-120F-4AF0-8D96-7CFB4C1C8462}.Debug|Any CPU.Build.0 = Debug|Any CPU
		{220B51E0-120F-4AF0-8D96-7CFB4C1C8462}.Release|Any CPU.ActiveCfg = Release|Any CPU
		{220B51E0-120F-4AF0-8D96-7CFB4C1C8462}.Release|Any CPU.Build.0 = Release|Any CPU
		{BA2D09CA-ED45-4793-974F-B9F4855212C1}.Debug|Any CPU.ActiveCfg = Debug|Any CPU
		{BA2D09CA-ED45-4793-974F-B9F4855212C1}.Debug|Any CPU.Build.0 = Debug|Any CPU
		{BA2D09CA-ED45-4793-974F-B9F4855212C1}.Release|Any CPU.ActiveCfg = Release|Any CPU
		{BA2D09CA-ED45-4793-974F-B9F4855212C1}.Release|Any CPU.Build.0 = Release|Any CPU
	EndGlobalSection
	GlobalSection(SolutionProperties) = preSolution
		HideSolutionNode = FALSE
	EndGlobalSection
	GlobalSection(ExtensibilityGlobals) = postSolution
		SolutionGuid = {18EC9BF0-349F-445F-845B-43632DB701FE}
	EndGlobalSection
EndGlobal
